// !$*UTF8*$!
{
	archiveVersion = 1;
	classes = {
	};
	objectVersion = 55;
	objects = {

/* Begin PBXBuildFile section */
		FB97E0422753771E00DE7D43 /* AppDelegate.swift in Sources */ = {isa = PBXBuildFile; fileRef = FB97E0412753771E00DE7D43 /* AppDelegate.swift */; };
		FB97E0442753771E00DE7D43 /* SceneDelegate.swift in Sources */ = {isa = PBXBuildFile; fileRef = FB97E0432753771E00DE7D43 /* SceneDelegate.swift */; };
		FB97E0462753771E00DE7D43 /* ViewController.swift in Sources */ = {isa = PBXBuildFile; fileRef = FB97E0452753771E00DE7D43 /* ViewController.swift */; };
		FB97E0492753771E00DE7D43 /* Main.storyboard in Resources */ = {isa = PBXBuildFile; fileRef = FB97E0472753771E00DE7D43 /* Main.storyboard */; };
		FB97E04B2753771F00DE7D43 /* Assets.xcassets in Resources */ = {isa = PBXBuildFile; fileRef = FB97E04A2753771F00DE7D43 /* Assets.xcassets */; };
		FB97E04E2753771F00DE7D43 /* LaunchScreen.storyboard in Resources */ = {isa = PBXBuildFile; fileRef = FB97E04C2753771F00DE7D43 /* LaunchScreen.storyboard */; };
		FB97E056275378CD00DE7D43 /* PersonCell.swift in Sources */ = {isa = PBXBuildFile; fileRef = FB97E055275378CD00DE7D43 /* PersonCell.swift */; };
		FB97E0582753859D00DE7D43 /* Person.swift in Sources */ = {isa = PBXBuildFile; fileRef = FB97E0572753859D00DE7D43 /* Person.swift */; };
/* End PBXBuildFile section */

/* Begin PBXFileReference section */
		FB97E03E2753771E00DE7D43 /* 10-NamesToFaces.app */ = {isa = PBXFileReference; explicitFileType = wrapper.application; includeInIndex = 0; path = "10-NamesToFaces.app"; sourceTree = BUILT_PRODUCTS_DIR; };
		FB97E0412753771E00DE7D43 /* AppDelegate.swift */ = {isa = PBXFileReference; lastKnownFileType = sourcecode.swift; path = AppDelegate.swift; sourceTree = "<group>"; };
		FB97E0432753771E00DE7D43 /* SceneDelegate.swift */ = {isa = PBXFileReference; lastKnownFileType = sourcecode.swift; path = SceneDelegate.swift; sourceTree = "<group>"; };
		FB97E0452753771E00DE7D43 /* ViewController.swift */ = {isa = PBXFileReference; lastKnownFileType = sourcecode.swift; path = ViewController.swift; sourceTree = "<group>"; };
		FB97E0482753771E00DE7D43 /* Base */ = {isa = PBXFileReference; lastKnownFileType = file.storyboard; name = Base; path = Base.lproj/Main.storyboard; sourceTree = "<group>"; };
		FB97E04A2753771F00DE7D43 /* Assets.xcassets */ = {isa = PBXFileReference; lastKnownFileType = folder.assetcatalog; path = Assets.xcassets; sourceTree = "<group>"; };
		FB97E04D2753771F00DE7D43 /* Base */ = {isa = PBXFileReference; lastKnownFileType = file.storyboard; name = Base; path = Base.lproj/LaunchScreen.storyboard; sourceTree = "<group>"; };
		FB97E04F2753771F00DE7D43 /* Info.plist */ = {isa = PBXFileReference; lastKnownFileType = text.plist.xml; path = Info.plist; sourceTree = "<group>"; };
		FB97E055275378CD00DE7D43 /* PersonCell.swift */ = {isa = PBXFileReference; lastKnownFileType = sourcecode.swift; path = PersonCell.swift; sourceTree = "<group>"; };
		FB97E0572753859D00DE7D43 /* Person.swift */ = {isa = PBXFileReference; lastKnownFileType = sourcecode.swift; path = Person.swift; sourceTree = "<group>"; };
/* End PBXFileReference section */

/* Begin PBXFrameworksBuildPhase section */
		FB97E03B2753771E00DE7D43 /* Frameworks */ = {
			isa = PBXFrameworksBuildPhase;
			buildActionMask = 2147483647;
			files = (
			);
			runOnlyForDeploymentPostprocessing = 0;
		};
/* End PBXFrameworksBuildPhase section */

/* Begin PBXGroup section */
		FB97E0352753771D00DE7D43 = {
			isa = PBXGroup;
			children = (
				FB97E0402753771E00DE7D43 /* 10-NamesToFaces */,
				FB97E03F2753771E00DE7D43 /* Products */,
			);
			sourceTree = "<group>";
		};
		FB97E03F2753771E00DE7D43 /* Products */ = {
			isa = PBXGroup;
			children = (
				FB97E03E2753771E00DE7D43 /* 10-NamesToFaces.app */,
			);
			name = Products;
			sourceTree = "<group>";
		};
		FB97E0402753771E00DE7D43 /* 10-NamesToFaces */ = {
			isa = PBXGroup;
			children = (
				FB97E0412753771E00DE7D43 /* AppDelegate.swift */,
				FB97E0432753771E00DE7D43 /* SceneDelegate.swift */,
				FB97E05A275385B600DE7D43 /* Controllers */,
				FB97E059275385AB00DE7D43 /* Models */,
				FB97E05B275385BE00DE7D43 /* Storyboards */,
				FB97E04A2753771F00DE7D43 /* Assets.xcassets */,
				FB97E04F2753771F00DE7D43 /* Info.plist */,
			);
			path = "10-NamesToFaces";
			sourceTree = "<group>";
		};
		FB97E059275385AB00DE7D43 /* Models */ = {
			isa = PBXGroup;
			children = (
				FB97E0572753859D00DE7D43 /* Person.swift */,
			);
			path = Models;
			sourceTree = "<group>";
		};
		FB97E05A275385B600DE7D43 /* Controllers */ = {
			isa = PBXGroup;
			children = (
				FB97E0452753771E00DE7D43 /* ViewController.swift */,
				FB97E05C275385E000DE7D43 /* Cells */,
			);
			path = Controllers;
			sourceTree = "<group>";
		};
		FB97E05B275385BE00DE7D43 /* Storyboards */ = {
			isa = PBXGroup;
			children = (
				FB97E0472753771E00DE7D43 /* Main.storyboard */,
				FB97E04C2753771F00DE7D43 /* LaunchScreen.storyboard */,
			);
			path = Storyboards;
			sourceTree = "<group>";
		};
		FB97E05C275385E000DE7D43 /* Cells */ = {
			isa = PBXGroup;
			children = (
				FB97E055275378CD00DE7D43 /* PersonCell.swift */,
			);
			path = Cells;
			sourceTree = "<group>";
		};
/* End PBXGroup section */

/* Begin PBXNativeTarget section */
		FB97E03D2753771E00DE7D43 /* 10-NamesToFaces */ = {
			isa = PBXNativeTarget;
			buildConfigurationList = FB97E0522753771F00DE7D43 /* Build configuration list for PBXNativeTarget "10-NamesToFaces" */;
			buildPhases = (
				FB97E03A2753771E00DE7D43 /* Sources */,
				FB97E03B2753771E00DE7D43 /* Frameworks */,
				FB97E03C2753771E00DE7D43 /* Resources */,
			);
			buildRules = (
			);
			dependencies = (
			);
			name = "10-NamesToFaces";
			productName = "10-NamesToFaces";
			productReference = FB97E03E2753771E00DE7D43 /* 10-NamesToFaces.app */;
			productType = "com.apple.product-type.application";
		};
/* End PBXNativeTarget section */

/* Begin PBXProject section */
		FB97E0362753771D00DE7D43 /* Project object */ = {
			isa = PBXProject;
			attributes = {
				BuildIndependentTargetsInParallel = 1;
				LastSwiftUpdateCheck = 1310;
				LastUpgradeCheck = 1310;
				TargetAttributes = {
					FB97E03D2753771E00DE7D43 = {
						CreatedOnToolsVersion = 13.1;
					};
				};
			};
			buildConfigurationList = FB97E0392753771D00DE7D43 /* Build configuration list for PBXProject "10-NamesToFaces" */;
			compatibilityVersion = "Xcode 13.0";
			developmentRegion = en;
			hasScannedForEncodings = 0;
			knownRegions = (
				en,
				Base,
			);
			mainGroup = FB97E0352753771D00DE7D43;
			productRefGroup = FB97E03F2753771E00DE7D43 /* Products */;
			projectDirPath = "";
			projectRoot = "";
			targets = (
				FB97E03D2753771E00DE7D43 /* 10-NamesToFaces */,
			);
		};
/* End PBXProject section */

/* Begin PBXResourcesBuildPhase section */
		FB97E03C2753771E00DE7D43 /* Resources */ = {
			isa = PBXResourcesBuildPhase;
			buildActionMask = 2147483647;
			files = (
				FB97E04E2753771F00DE7D43 /* LaunchScreen.storyboard in Resources */,
				FB97E04B2753771F00DE7D43 /* Assets.xcassets in Resources */,
				FB97E0492753771E00DE7D43 /* Main.storyboard in Resources */,
			);
			runOnlyForDeploymentPostprocessing = 0;
		};
/* End PBXResourcesBuildPhase section */

/* Begin PBXSourcesBuildPhase section */
		FB97E03A2753771E00DE7D43 /* Sources */ = {
			isa = PBXSourcesBuildPhase;
			buildActionMask = 2147483647;
			files = (
				FB97E0582753859D00DE7D43 /* Person.swift in Sources */,
				FB97E0462753771E00DE7D43 /* ViewController.swift in Sources */,
				FB97E0422753771E00DE7D43 /* AppDelegate.swift in Sources */,
				FB97E056275378CD00DE7D43 /* PersonCell.swift in Sources */,
				FB97E0442753771E00DE7D43 /* SceneDelegate.swift in Sources */,
			);
			runOnlyForDeploymentPostprocessing = 0;
		};
/* End PBXSourcesBuildPhase section */

/* Begin PBXVariantGroup section */
		FB97E0472753771E00DE7D43 /* Main.storyboard */ = {
			isa = PBXVariantGroup;
			children = (
				FB97E0482753771E00DE7D43 /* Base */,
			);
			name = Main.storyboard;
			sourceTree = "<group>";
		};
		FB97E04C2753771F00DE7D43 /* LaunchScreen.storyboard */ = {
			isa = PBXVariantGroup;
			children = (
				FB97E04D2753771F00DE7D43 /* Base */,
			);
			name = LaunchScreen.storyboard;
			sourceTree = "<group>";
		};
/* End PBXVariantGroup section */

/* Begin XCBuildConfiguration section */
		FB97E0502753771F00DE7D43 /* Debug */ = {
			isa = XCBuildConfiguration;
			buildSettings = {
				ALWAYS_SEARCH_USER_PATHS = NO;
				CLANG_ANALYZER_NONNULL = YES;
				CLANG_ANALYZER_NUMBER_OBJECT_CONVERSION = YES_AGGRESSIVE;
				CLANG_CXX_LANGUAGE_STANDARD = "gnu++17";
				CLANG_CXX_LIBRARY = "libc++";
				CLANG_ENABLE_MODULES = YES;
				CLANG_ENABLE_OBJC_ARC = YES;
				CLANG_ENABLE_OBJC_WEAK = YES;
				CLANG_WARN_BLOCK_CAPTURE_AUTORELEASING = YES;
				CLANG_WARN_BOOL_CONVERSION = YES;
				CLANG_WARN_COMMA = YES;
				CLANG_WARN_CONSTANT_CONVERSION = YES;
				CLANG_WARN_DEPRECATED_OBJC_IMPLEMENTATIONS = YES;
				CLANG_WARN_DIRECT_OBJC_ISA_USAGE = YES_ERROR;
				CLANG_WARN_DOCUMENTATION_COMMENTS = YES;
				CLANG_WARN_EMPTY_BODY = YES;
				CLANG_WARN_ENUM_CONVERSION = YES;
				CLANG_WARN_INFINITE_RECURSION = YES;
				CLANG_WARN_INT_CONVERSION = YES;
				CLANG_WARN_NON_LITERAL_NULL_CONVERSION = YES;
				CLANG_WARN_OBJC_IMPLICIT_RETAIN_SELF = YES;
				CLANG_WARN_OBJC_LITERAL_CONVERSION = YES;
				CLANG_WARN_OBJC_ROOT_CLASS = YES_ERROR;
				CLANG_WARN_QUOTED_INCLUDE_IN_FRAMEWORK_HEADER = YES;
				CLANG_WARN_RANGE_LOOP_ANALYSIS = YES;
				CLANG_WARN_STRICT_PROTOTYPES = YES;
				CLANG_WARN_SUSPICIOUS_MOVE = YES;
				CLANG_WARN_UNGUARDED_AVAILABILITY = YES_AGGRESSIVE;
				CLANG_WARN_UNREACHABLE_CODE = YES;
				CLANG_WARN__DUPLICATE_METHOD_MATCH = YES;
				COPY_PHASE_STRIP = NO;
				DEBUG_INFORMATION_FORMAT = dwarf;
				ENABLE_STRICT_OBJC_MSGSEND = YES;
				ENABLE_TESTABILITY = YES;
				GCC_C_LANGUAGE_STANDARD = gnu11;
				GCC_DYNAMIC_NO_PIC = NO;
				GCC_NO_COMMON_BLOCKS = YES;
				GCC_OPTIMIZATION_LEVEL = 0;
				GCC_PREPROCESSOR_DEFINITIONS = (
					"DEBUG=1",
					"$(inherited)",
				);
				GCC_WARN_64_TO_32_BIT_CONVERSION = YES;
				GCC_WARN_ABOUT_RETURN_TYPE = YES_ERROR;
				GCC_WARN_UNDECLARED_SELECTOR = YES;
				GCC_WARN_UNINITIALIZED_AUTOS = YES_AGGRESSIVE;
				GCC_WARN_UNUSED_FUNCTION = YES;
				GCC_WARN_UNUSED_VARIABLE = YES;
				IPHONEOS_DEPLOYMENT_TARGET = 15.0;
				MTL_ENABLE_DEBUG_INFO = INCLUDE_SOURCE;
				MTL_FAST_MATH = YES;
				ONLY_ACTIVE_ARCH = YES;
				SDKROOT = iphoneos;
				SWIFT_ACTIVE_COMPILATION_CONDITIONS = DEBUG;
				SWIFT_OPTIMIZATION_LEVEL = "-Onone";
			};
			name = Debug;
		};
		FB97E0512753771F00DE7D43 /* Release */ = {
			isa = XCBuildConfiguration;
			buildSettings = {
				ALWAYS_SEARCH_USER_PATHS = NO;
				CLANG_ANALYZER_NONNULL = YES;
				CLANG_ANALYZER_NUMBER_OBJECT_CONVERSION = YES_AGGRESSIVE;
				CLANG_CXX_LANGUAGE_STANDARD = "gnu++17";
				CLANG_CXX_LIBRARY = "libc++";
				CLANG_ENABLE_MODULES = YES;
				CLANG_ENABLE_OBJC_ARC = YES;
				CLANG_ENABLE_OBJC_WEAK = YES;
				CLANG_WARN_BLOCK_CAPTURE_AUTORELEASING = YES;
				CLANG_WARN_BOOL_CONVERSION = YES;
				CLANG_WARN_COMMA = YES;
				CLANG_WARN_CONSTANT_CONVERSION = YES;
				CLANG_WARN_DEPRECATED_OBJC_IMPLEMENTATIONS = YES;
				CLANG_WARN_DIRECT_OBJC_ISA_USAGE = YES_ERROR;
				CLANG_WARN_DOCUMENTATION_COMMENTS = YES;
				CLANG_WARN_EMPTY_BODY = YES;
				CLANG_WARN_ENUM_CONVERSION = YES;
				CLANG_WARN_INFINITE_RECURSION = YES;
				CLANG_WARN_INT_CONVERSION = YES;
				CLANG_WARN_NON_LITERAL_NULL_CONVERSION = YES;
				CLANG_WARN_OBJC_IMPLICIT_RETAIN_SELF = YES;
				CLANG_WARN_OBJC_LITERAL_CONVERSION = YES;
				CLANG_WARN_OBJC_ROOT_CLASS = YES_ERROR;
				CLANG_WARN_QUOTED_INCLUDE_IN_FRAMEWORK_HEADER = YES;
				CLANG_WARN_RANGE_LOOP_ANALYSIS = YES;
				CLANG_WARN_STRICT_PROTOTYPES = YES;
				CLANG_WARN_SUSPICIOUS_MOVE = YES;
				CLANG_WARN_UNGUARDED_AVAILABILITY = YES_AGGRESSIVE;
				CLANG_WARN_UNREACHABLE_CODE = YES;
				CLANG_WARN__DUPLICATE_METHOD_MATCH = YES;
				COPY_PHASE_STRIP = NO;
				DEBUG_INFORMATION_FORMAT = "dwarf-with-dsym";
				ENABLE_NS_ASSERTIONS = NO;
				ENABLE_STRICT_OBJC_MSGSEND = YES;
				GCC_C_LANGUAGE_STANDARD = gnu11;
				GCC_NO_COMMON_BLOCKS = YES;
				GCC_WARN_64_TO_32_BIT_CONVERSION = YES;
				GCC_WARN_ABOUT_RETURN_TYPE = YES_ERROR;
				GCC_WARN_UNDECLARED_SELECTOR = YES;
				GCC_WARN_UNINITIALIZED_AUTOS = YES_AGGRESSIVE;
				GCC_WARN_UNUSED_FUNCTION = YES;
				GCC_WARN_UNUSED_VARIABLE = YES;
				IPHONEOS_DEPLOYMENT_TARGET = 15.0;
				MTL_ENABLE_DEBUG_INFO = NO;
				MTL_FAST_MATH = YES;
				SDKROOT = iphoneos;
				SWIFT_COMPILATION_MODE = wholemodule;
				SWIFT_OPTIMIZATION_LEVEL = "-O";
				VALIDATE_PRODUCT = YES;
			};
			name = Release;
		};
		FB97E0532753771F00DE7D43 /* Debug */ = {
			isa = XCBuildConfiguration;
			buildSettings = {
				ASSETCATALOG_COMPILER_APPICON_NAME = AppIcon;
				ASSETCATALOG_COMPILER_GLOBAL_ACCENT_COLOR_NAME = AccentColor;
				CODE_SIGN_STYLE = Automatic;
				CURRENT_PROJECT_VERSION = 1;
				DEVELOPMENT_TEAM = KPBLB2422Y;
				GENERATE_INFOPLIST_FILE = YES;
				INFOPLIST_FILE = "10-NamesToFaces/Info.plist";
				INFOPLIST_KEY_UIApplicationSupportsIndirectInputEvents = YES;
				INFOPLIST_KEY_UILaunchStoryboardName = LaunchScreen;
				INFOPLIST_KEY_UIMainStoryboardFile = Main;
				INFOPLIST_KEY_UISupportedInterfaceOrientations_iPad = "UIInterfaceOrientationPortrait UIInterfaceOrientationPortraitUpsideDown UIInterfaceOrientationLandscapeLeft UIInterfaceOrientationLandscapeRight";
				INFOPLIST_KEY_UISupportedInterfaceOrientations_iPhone = "UIInterfaceOrientationPortrait UIInterfaceOrientationLandscapeLeft UIInterfaceOrientationLandscapeRight";
				IPHONEOS_DEPLOYMENT_TARGET = 13.0;
				LD_RUNPATH_SEARCH_PATHS = (
					"$(inherited)",
					"@executable_path/Frameworks",
				);
				MARKETING_VERSION = 1.0;
				PRODUCT_BUNDLE_IDENTIFIER = "com.evel-devel.-0-NamesToFaces";
				PRODUCT_NAME = "$(TARGET_NAME)";
				SWIFT_EMIT_LOC_STRINGS = YES;
				SWIFT_VERSION = 5.0;
				TARGETED_DEVICE_FAMILY = "1,2";
			};
			name = Debug;
		};
		FB97E0542753771F00DE7D43 /* Release */ = {
			isa = XCBuildConfiguration;
			buildSettings = {
				ASSETCATALOG_COMPILER_APPICON_NAME = AppIcon;
				ASSETCATALOG_COMPILER_GLOBAL_ACCENT_COLOR_NAME = AccentColor;
				CODE_SIGN_STYLE = Automatic;
				CURRENT_PROJECT_VERSION = 1;
				DEVELOPMENT_TEAM = KPBLB2422Y;
				GENERATE_INFOPLIST_FILE = YES;
				INFOPLIST_FILE = "10-NamesToFaces/Info.plist";
				INFOPLIST_KEY_UIApplicationSupportsIndirectInputEvents = YES;
				INFOPLIST_KEY_UILaunchStoryboardName = LaunchScreen;
				INFOPLIST_KEY_UIMainStoryboardFile = Main;
				INFOPLIST_KEY_UISupportedInterfaceOrientations_iPad = "UIInterfaceOrientationPortrait UIInterfaceOrientationPortraitUpsideDown UIInterfaceOrientationLandscapeLeft UIInterfaceOrientationLandscapeRight";
				INFOPLIST_KEY_UISupportedInterfaceOrientations_iPhone = "UIInterfaceOrientationPortrait UIInterfaceOrientationLandscapeLeft UIInterfaceOrientationLandscapeRight";
				IPHONEOS_DEPLOYMENT_TARGET = 13.0;
				LD_RUNPATH_SEARCH_PATHS = (
					"$(inherited)",
					"@executable_path/Frameworks",
				);
				MARKETING_VERSION = 1.0;
				PRODUCT_BUNDLE_IDENTIFIER = "com.evel-devel.-0-NamesToFaces";
				PRODUCT_NAME = "$(TARGET_NAME)";
				SWIFT_EMIT_LOC_STRINGS = YES;
				SWIFT_VERSION = 5.0;
				TARGETED_DEVICE_FAMILY = "1,2";
			};
			name = Release;
		};
/* End XCBuildConfiguration section */

/* Begin XCConfigurationList section */
		FB97E0392753771D00DE7D43 /* Build configuration list for PBXProject "10-NamesToFaces" */ = {
			isa = XCConfigurationList;
			buildConfigurations = (
				FB97E0502753771F00DE7D43 /* Debug */,
				FB97E0512753771F00DE7D43 /* Release */,
			);
			defaultConfigurationIsVisible = 0;
			defaultConfigurationName = Release;
		};
		FB97E0522753771F00DE7D43 /* Build configuration list for PBXNativeTarget "10-NamesToFaces" */ = {
			isa = XCConfigurationList;
			buildConfigurations = (
				FB97E0532753771F00DE7D43 /* Debug */,
				FB97E0542753771F00DE7D43 /* Release */,
			);
			defaultConfigurationIsVisible = 0;
			defaultConfigurationName = Release;
		};
/* End XCConfigurationList section */
	};
	rootObject = FB97E0362753771D00DE7D43 /* Project object */;
}
